
Microsoft Visual Studio Solution File, Format Version 12.00
# Visual Studio Version 17
VisualStudioVersion = 17.0.31912.275
MinimumVisualStudioVersion = 10.0.40219.1
Project("{9A19103F-16F7-4668-BE54-9A1E7A4F7556}") = "BlazorDemo", "BlazorDemo\BlazorDemo.csproj", "{685C2B86-A048-4D68-936D-1B978B0CB804}"
EndProject
Project("{9A19103F-16F7-4668-BE54-9A1E7A4F7556}") = "BlazorApp.Client", "Client\BlazorApp.Client.csproj", "{0083EFB1-649B-4FBD-A40F-73F9EB7012BA}"
EndProject
Project("{9A19103F-16F7-4668-BE54-9A1E7A4F7556}") = "BlazorApp.Server", "Server\BlazorApp.Server.csproj", "{A725ED63-98D3-4FBB-AEF4-587B523D0B9E}"
EndProject
Project("{9A19103F-16F7-4668-BE54-9A1E7A4F7556}") = "BlazorApp.Shared", "Shared\BlazorApp.Shared.csproj", "{0ACF216B-8E8D-4D19-A333-B4B98588182F}"
EndProject
Project("{2150E333-8FDC-42A3-9474-1A3956D46DE8}") = "ASP.NET Core Hosted", "ASP.NET Core Hosted", "{B9972C03-1A07-477F-91D4-7D04024A6006}"
EndProject
Project("{2150E333-8FDC-42A3-9474-1A3956D46DE8}") = "Demo", "Demo", "{9F266A50-24A3-4856-8DD6-413A027FB333}"
EndProject
Global
	GlobalSection(SolutionConfigurationPlatforms) = preSolution
		Debug|Any CPU = Debug|Any CPU
		Debug|x64 = Debug|x64
		Debug|x86 = Debug|x86
		Release|Any CPU = Release|Any CPU
		Release|x64 = Release|x64
		Release|x86 = Release|x86
	EndGlobalSection
	GlobalSection(ProjectConfigurationPlatforms) = postSolution
		{685C2B86-A048-4D68-936D-1B978B0CB804}.Debug|Any CPU.ActiveCfg = Debug|Any CPU
		{685C2B86-A048-4D68-936D-1B978B0CB804}.Debug|Any CPU.Build.0 = Debug|Any CPU
		{685C2B86-A048-4D68-936D-1B978B0CB804}.Debug|x64.ActiveCfg = Debug|Any CPU
		{685C2B86-A048-4D68-936D-1B978B0CB804}.Debug|x64.Build.0 = Debug|Any CPU
		{685C2B86-A048-4D68-936D-1B978B0CB804}.Debug|x86.ActiveCfg = Debug|Any CPU
		{685C2B86-A048-4D68-936D-1B978B0CB804}.Debug|x86.Build.0 = Debug|Any CPU
		{685C2B86-A048-4D68-936D-1B978B0CB804}.Release|Any CPU.ActiveCfg = Release|Any CPU
		{685C2B86-A048-4D68-936D-1B978B0CB804}.Release|Any CPU.Build.0 = Release|Any CPU
		{685C2B86-A048-4D68-936D-1B978B0CB804}.Release|x64.ActiveCfg = Release|Any CPU
		{685C2B86-A048-4D68-936D-1B978B0CB804}.Release|x64.Build.0 = Release|Any CPU
		{685C2B86-A048-4D68-936D-1B978B0CB804}.Release|x86.ActiveCfg = Release|Any CPU
		{685C2B86-A048-4D68-936D-1B978B0CB804}.Release|x86.Build.0 = Release|Any CPU
		{0083EFB1-649B-4FBD-A40F-73F9EB7012BA}.Debug|Any CPU.ActiveCfg = Debug|Any CPU
		{0083EFB1-649B-4FBD-A40F-73F9EB7012BA}.Debug|Any CPU.Build.0 = Debug|Any CPU
		{0083EFB1-649B-4FBD-A40F-73F9EB7012BA}.Debug|x64.ActiveCfg = Debug|Any CPU
		{0083EFB1-649B-4FBD-A40F-73F9EB7012BA}.Debug|x64.Build.0 = Debug|Any CPU
		{0083EFB1-649B-4FBD-A40F-73F9EB7012BA}.Debug|x86.ActiveCfg = Debug|Any CPU
		{0083EFB1-649B-4FBD-A40F-73F9EB7012BA}.Debug|x86.Build.0 = Debug|Any CPU
		{0083EFB1-649B-4FBD-A40F-73F9EB7012BA}.Release|Any CPU.ActiveCfg = Release|Any CPU
		{0083EFB1-649B-4FBD-A40F-73F9EB7012BA}.Release|Any CPU.Build.0 = Release|Any CPU
		{0083EFB1-649B-4FBD-A40F-73F9EB7012BA}.Release|x64.ActiveCfg = Release|Any CPU
		{0083EFB1-649B-4FBD-A40F-73F9EB7012BA}.Release|x64.Build.0 = Release|Any CPU
		{0083EFB1-649B-4FBD-A40F-73F9EB7012BA}.Release|x86.ActiveCfg = Release|Any CPU
		{0083EFB1-649B-4FBD-A40F-73F9EB7012BA}.Release|x86.Build.0 = Release|Any CPU
		{A725ED63-98D3-4FBB-AEF4-587B523D0B9E}.Debug|Any CPU.ActiveCfg = Debug|Any CPU
		{A725ED63-98D3-4FBB-AEF4-587B523D0B9E}.Debug|Any CPU.Build.0 = Debug|Any CPU
		{A725ED63-98D3-4FBB-AEF4-587B523D0B9E}.Debug|x64.ActiveCfg = Debug|Any CPU
		{A725ED63-98D3-4FBB-AEF4-587B523D0B9E}.Debug|x64.Build.0 = Debug|Any CPU
		{A725ED63-98D3-4FBB-AEF4-587B523D0B9E}.Debug|x86.ActiveCfg = Debug|Any CPU
		{A725ED63-98D3-4FBB-AEF4-587B523D0B9E}.Debug|x86.Build.0 = Debug|Any CPU
		{A725ED63-98D3-4FBB-AEF4-587B523D0B9E}.Release|Any CPU.ActiveCfg = Release|Any CPU
		{A725ED63-98D3-4FBB-AEF4-587B523D0B9E}.Release|Any CPU.Build.0 = Release|Any CPU
		{A725ED63-98D3-4FBB-AEF4-587B523D0B9E}.Release|x64.ActiveCfg = Release|Any CPU
		{A725ED63-98D3-4FBB-AEF4-587B523D0B9E}.Release|x64.Build.0 = Release|Any CPU
		{A725ED63-98D3-4FBB-AEF4-587B523D0B9E}.Release|x86.ActiveCfg = Release|Any CPU
		{A725ED63-98D3-4FBB-AEF4-587B523D0B9E}.Release|x86.Build.0 = Release|Any CPU
		{0ACF216B-8E8D-4D19-A333-B4B98588182F}.Debug|Any CPU.ActiveCfg = Debug|Any CPU
		{0ACF216B-8E8D-4D19-A333-B4B98588182F}.Debug|Any CPU.Build.0 = Debug|Any CPU
		{0ACF216B-8E8D-4D19-A333-B4B98588182F}.Debug|x64.ActiveCfg = Debug|Any CPU
		{0ACF216B-8E8D-4D19-A333-B4B98588182F}.Debug|x64.Build.0 = Debug|Any CPU
		{0ACF216B-8E8D-4D19-A333-B4B98588182F}.Debug|x86.ActiveCfg = Debug|Any CPU
		{0ACF216B-8E8D-4D19-A333-B4B98588182F}.Debug|x86.Build.0 = Debug|Any CPU
		{0ACF216B-8E8D-4D19-A333-B4B98588182F}.Release|Any CPU.ActiveCfg = Release|Any CPU
		{0ACF216B-8E8D-4D19-A333-B4B98588182F}.Release|Any CPU.Build.0 = Release|Any CPU
		{0ACF216B-8E8D-4D19-A333-B4B98588182F}.Release|x64.ActiveCfg = Release|Any CPU
		{0ACF216B-8E8D-4D19-A333-B4B98588182F}.Release|x64.Build.0 = Release|Any CPU
		{0ACF216B-8E8D-4D19-A333-B4B98588182F}.Release|x86.ActiveCfg = Release|Any CPU
		{0ACF216B-8E8D-4D19-A333-B4B98588182F}.Release|x86.Build.0 = Release|Any CPU
	EndGlobalSection
	GlobalSection(SolutionProperties) = preSolution
		HideSolutionNode = FALSE
	EndGlobalSection
	GlobalSection(NestedProjects) = preSolution
		{685C2B86-A048-4D68-936D-1B978B0CB804} = {9F266A50-24A3-4856-8DD6-413A027FB333}
		{0083EFB1-649B-4FBD-A40F-73F9EB7012BA} = {B9972C03-1A07-477F-91D4-7D04024A6006}
		{A725ED63-98D3-4FBB-AEF4-587B523D0B9E} = {B9972C03-1A07-477F-91D4-7D04024A6006}
		{0ACF216B-8E8D-4D19-A333-B4B98588182F} = {B9972C03-1A07-477F-91D4-7D04024A6006}
	EndGlobalSection
	GlobalSection(ExtensibilityGlobals) = postSolution
		SolutionGuid = {E5AF8B77-C94B-42A8-B10D-35A95688DDC5}
	EndGlobalSection
EndGlobal
